
Microsoft Visual Studio Solution File, Format Version 12.00
# Visual Studio Version 16
VisualStudioVersion = 16.0.30011.22
MinimumVisualStudioVersion = 10.0.40219.1
Project("{FAE04EC0-301F-11D3-BF4B-00C04F79EFBC}") = "diaryApp", "diaryApp.csproj", "{BCF55500-95AD-4230-A4D4-8167E2D98C2E}"
EndProject
Global
	GlobalSection(SolutionConfigurationPlatforms) = preSolution
		Debug|Any CPU = Debug|Any CPU
		Release|Any CPU = Release|Any CPU
	EndGlobalSection
	GlobalSection(ProjectConfigurationPlatforms) = postSolution
		{BCF55500-95AD-4230-A4D4-8167E2D98C2E}.Debug|Any CPU.ActiveCfg = Debug|Any CPU
		{BCF55500-95AD-4230-A4D4-8167E2D98C2E}.Debug|Any CPU.Build.0 = Debug|Any CPU
		{BCF55500-95AD-4230-A4D4-8167E2D98C2E}.Release|Any CPU.ActiveCfg = Release|Any CPU
		{BCF55500-95AD-4230-A4D4-8167E2D98C2E}.Release|Any CPU.Build.0 = Release|Any CPU
	EndGlobalSection
	GlobalSection(SolutionProperties) = preSolution
		HideSolutionNode = FALSE
	EndGlobalSection
	GlobalSection(ExtensibilityGlobals) = postSolution
		SolutionGuid = {815F3C1A-9A71-466F-A69D-D0CFEB9B9858}
	EndGlobalSection
EndGlobal
